{
  "name": "proevents",
  "lockfileVersion": 2,
  "requires": true,
  "packages": {
    "": {
      "dependencies": {
        "ngx-currency": "^2.5.3"
      }
    },
    "node_modules/ngx-currency": {
      "version": "2.5.3",
      "resolved": "https://registry.npmjs.org/ngx-currency/-/ngx-currency-2.5.3.tgz",
      "integrity": "sha512-NS58eSK1vTIzrtbK1KI6zUpaZrFZtBHGX8aYQefSSf8qz83alB4rIEzXoMn/ZydPhoVTg2vk8m+3aVs6PiPnOA==",
      "dependencies": {
        "tslib": "^2.0.0"
      }
    },
    "node_modules/tslib": {
      "version": "2.3.1",
      "resolved": "https://registry.npmjs.org/tslib/-/tslib-2.3.1.tgz",
      "integrity": "sha512-77EbyPPpMz+FRFRuAFlWMtmgUWGe9UOG2Z25NqCwiIjRhOf5iKGuzSe5P2w1laq+FkRy4p+PCuVkJSGkzTEKVw=="
    }
  },
  "dependencies": {
    "ngx-currency": {
      "version": "2.5.3",
      "resolved": "https://registry.npmjs.org/ngx-currency/-/ngx-currency-2.5.3.tgz",
      "integrity": "sha512-NS58eSK1vTIzrtbK1KI6zUpaZrFZtBHGX8aYQefSSf8qz83alB4rIEzXoMn/ZydPhoVTg2vk8m+3aVs6PiPnOA==",
      "requires": {
        "tslib": "^2.0.0"
      }
    },
    "tslib": {
      "version": "2.3.1",
      "resolved": "https://registry.npmjs.org/tslib/-/tslib-2.3.1.tgz",
      "integrity": "sha512-77EbyPPpMz+FRFRuAFlWMtmgUWGe9UOG2Z25NqCwiIjRhOf5iKGuzSe5P2w1laq+FkRy4p+PCuVkJSGkzTEKVw=="
    }
  }
}
